// !$*UTF8*$!
{
	archiveVersion = 1;
	classes = {
	};
	objectVersion = 46;
	objects = {

/* Begin PBXBuildFile section */
		F6BEFC201F4AA61600CA7AB4 /* TarantulaPluginCore.framework in Frameworks */ = {isa = PBXBuildFile; fileRef = F6BEFC1F1F4AA61600CA7AB4 /* TarantulaPluginCore.framework */; };
		F6BEFC231F4AA64E00CA7AB4 /* TestPlugin.swift in Sources */ = {isa = PBXBuildFile; fileRef = F6BEFC221F4AA64E00CA7AB4 /* TestPlugin.swift */; };
		F6BEFC331F4BEF6700CA7AB4 /* Model.xcdatamodeld in Sources */ = {isa = PBXBuildFile; fileRef = F6BEFC311F4BEF6700CA7AB4 /* Model.xcdatamodeld */; };
		F6BEFC361F4BF01C00CA7AB4 /* Test+CoreDataClass.swift in Sources */ = {isa = PBXBuildFile; fileRef = F6BEFC341F4BF01C00CA7AB4 /* Test+CoreDataClass.swift */; };
/* End PBXBuildFile section */

/* Begin PBXFileReference section */
		F6BEFC151F4AA5FD00CA7AB4 /* ATARCsvExporterPlugin.bundle */ = {isa = PBXFileReference; explicitFileType = wrapper.cfbundle; includeInIndex = 0; path = ATARCsvExporterPlugin.bundle; sourceTree = BUILT_PRODUCTS_DIR; };
		F6BEFC181F4AA5FD00CA7AB4 /* Info.plist */ = {isa = PBXFileReference; lastKnownFileType = text.plist.xml; path = Info.plist; sourceTree = "<group>"; };
		F6BEFC1F1F4AA61600CA7AB4 /* TarantulaPluginCore.framework */ = {isa = PBXFileReference; lastKnownFileType = wrapper.framework; path = TarantulaPluginCore.framework; sourceTree = BUILT_PRODUCTS_DIR; };
		F6BEFC211F4AA64E00CA7AB4 /* ATARCsvExporterPlugin-Bridging-Header.h */ = {isa = PBXFileReference; lastKnownFileType = sourcecode.c.h; path = "ATARCsvExporterPlugin-Bridging-Header.h"; sourceTree = "<group>"; };
		F6BEFC221F4AA64E00CA7AB4 /* TestPlugin.swift */ = {isa = PBXFileReference; fileEncoding = 4; lastKnownFileType = sourcecode.swift; path = TestPlugin.swift; sourceTree = "<group>"; };
		F6BEFC321F4BEF6700CA7AB4 /* Model.xcdatamodel */ = {isa = PBXFileReference; lastKnownFileType = wrapper.xcdatamodel; path = Model.xcdatamodel; sourceTree = "<group>"; };
		F6BEFC341F4BF01C00CA7AB4 /* Test+CoreDataClass.swift */ = {isa = PBXFileReference; fileEncoding = 4; lastKnownFileType = sourcecode.swift; path = "Test+CoreDataClass.swift"; sourceTree = "<group>"; };
/* End PBXFileReference section */

/* Begin PBXFrameworksBuildPhase section */
		F6BEFC121F4AA5FD00CA7AB4 /* Frameworks */ = {
			isa = PBXFrameworksBuildPhase;
			buildActionMask = 2147483647;
			files = (
				F6BEFC201F4AA61600CA7AB4 /* TarantulaPluginCore.framework in Frameworks */,
			);
			runOnlyForDeploymentPostprocessing = 0;
		};
/* End PBXFrameworksBuildPhase section */

/* Begin PBXGroup section */
		F6BEFC0C1F4AA5FD00CA7AB4 = {
			isa = PBXGroup;
			children = (
				F6BEFC171F4AA5FD00CA7AB4 /* ATARCsvExporterPlugin */,
				F6BEFC161F4AA5FD00CA7AB4 /* Products */,
				F6BEFC1E1F4AA61500CA7AB4 /* Frameworks */,
			);
			sourceTree = "<group>";
		};
		F6BEFC161F4AA5FD00CA7AB4 /* Products */ = {
			isa = PBXGroup;
			children = (
				F6BEFC151F4AA5FD00CA7AB4 /* ATARCsvExporterPlugin.bundle */,
			);
			name = Products;
			sourceTree = "<group>";
		};
		F6BEFC171F4AA5FD00CA7AB4 /* ATARCsvExporterPlugin */ = {
			isa = PBXGroup;
			children = (
				F6BEFC341F4BF01C00CA7AB4 /* Test+CoreDataClass.swift */,
				F6BEFC181F4AA5FD00CA7AB4 /* Info.plist */,
				F6BEFC221F4AA64E00CA7AB4 /* TestPlugin.swift */,
				F6BEFC211F4AA64E00CA7AB4 /* ATARCsvExporterPlugin-Bridging-Header.h */,
				F6BEFC311F4BEF6700CA7AB4 /* Model.xcdatamodeld */,
			);
			path = ATARCsvExporterPlugin;
			sourceTree = "<group>";
		};
		F6BEFC1E1F4AA61500CA7AB4 /* Frameworks */ = {
			isa = PBXGroup;
			children = (
				F6BEFC1F1F4AA61600CA7AB4 /* TarantulaPluginCore.framework */,
			);
			name = Frameworks;
			sourceTree = "<group>";
		};
/* End PBXGroup section */

/* Begin PBXNativeTarget section */
		F6BEFC141F4AA5FD00CA7AB4 /* ATARCsvExporterPlugin */ = {
			isa = PBXNativeTarget;
			buildConfigurationList = F6BEFC1B1F4AA5FD00CA7AB4 /* Build configuration list for PBXNativeTarget "ATARCsvExporterPlugin" */;
			buildPhases = (
				F6BEFC111F4AA5FD00CA7AB4 /* Sources */,
				F6BEFC121F4AA5FD00CA7AB4 /* Frameworks */,
				F6BEFC131F4AA5FD00CA7AB4 /* Resources */,
			);
			buildRules = (
			);
			dependencies = (
			);
			name = ATARCsvExporterPlugin;
			productName = ATARCsvExporterPlugin;
			productReference = F6BEFC151F4AA5FD00CA7AB4 /* ATARCsvExporterPlugin.bundle */;
			productType = "com.apple.product-type.bundle";
		};
/* End PBXNativeTarget section */

/* Begin PBXProject section */
		F6BEFC0D1F4AA5FD00CA7AB4 /* Project object */ = {
			isa = PBXProject;
			attributes = {
				LastUpgradeCheck = 0830;
				ORGANIZATIONNAME = morpheby;
				TargetAttributes = {
					F6BEFC141F4AA5FD00CA7AB4 = {
						CreatedOnToolsVersion = 8.3.3;
						LastSwiftMigration = 0830;
						ProvisioningStyle = Automatic;
					};
				};
			};
			buildConfigurationList = F6BEFC101F4AA5FD00CA7AB4 /* Build configuration list for PBXProject "ATARCsvExporterPlugin" */;
			compatibilityVersion = "Xcode 3.2";
			developmentRegion = English;
			hasScannedForEncodings = 0;
			knownRegions = (
				en,
			);
			mainGroup = F6BEFC0C1F4AA5FD00CA7AB4;
			productRefGroup = F6BEFC161F4AA5FD00CA7AB4 /* Products */;
			projectDirPath = "";
			projectRoot = "";
			targets = (
				F6BEFC141F4AA5FD00CA7AB4 /* ATARCsvExporterPlugin */,
			);
		};
/* End PBXProject section */

/* Begin PBXResourcesBuildPhase section */
		F6BEFC131F4AA5FD00CA7AB4 /* Resources */ = {
			isa = PBXResourcesBuildPhase;
			buildActionMask = 2147483647;
			files = (
			);
			runOnlyForDeploymentPostprocessing = 0;
		};
/* End PBXResourcesBuildPhase section */

/* Begin PBXSourcesBuildPhase section */
		F6BEFC111F4AA5FD00CA7AB4 /* Sources */ = {
			isa = PBXSourcesBuildPhase;
			buildActionMask = 2147483647;
			files = (
				F6BEFC361F4BF01C00CA7AB4 /* Test+CoreDataClass.swift in Sources */,
				F6BEFC231F4AA64E00CA7AB4 /* TestPlugin.swift in Sources */,
				F6BEFC331F4BEF6700CA7AB4 /* Model.xcdatamodeld in Sources */,
			);
			runOnlyForDeploymentPostprocessing = 0;
		};
/* End PBXSourcesBuildPhase section */

/* Begin XCBuildConfiguration section */
		F6BEFC191F4AA5FD00CA7AB4 /* Debug */ = {
			isa = XCBuildConfiguration;
			buildSettings = {
				ALWAYS_SEARCH_USER_PATHS = NO;
				CLANG_ANALYZER_NONNULL = YES;
				CLANG_ANALYZER_NUMBER_OBJECT_CONVERSION = YES_AGGRESSIVE;
				CLANG_CXX_LANGUAGE_STANDARD = "gnu++0x";
				CLANG_CXX_LIBRARY = "libc++";
				CLANG_ENABLE_MODULES = YES;
				CLANG_ENABLE_OBJC_ARC = YES;
				CLANG_WARN_BOOL_CONVERSION = YES;
				CLANG_WARN_CONSTANT_CONVERSION = YES;
				CLANG_WARN_DIRECT_OBJC_ISA_USAGE = YES_ERROR;
				CLANG_WARN_DOCUMENTATION_COMMENTS = YES;
				CLANG_WARN_EMPTY_BODY = YES;
				CLANG_WARN_ENUM_CONVERSION = YES;
				CLANG_WARN_INFINITE_RECURSION = YES;
				CLANG_WARN_INT_CONVERSION = YES;
				CLANG_WARN_OBJC_ROOT_CLASS = YES_ERROR;
				CLANG_WARN_SUSPICIOUS_MOVE = YES;
				CLANG_WARN_UNREACHABLE_CODE = YES;
				CLANG_WARN__DUPLICATE_METHOD_MATCH = YES;
				CODE_SIGN_IDENTITY = "-";
				COPY_PHASE_STRIP = NO;
				DEBUG_INFORMATION_FORMAT = dwarf;
				ENABLE_STRICT_OBJC_MSGSEND = YES;
				ENABLE_TESTABILITY = YES;
				GCC_C_LANGUAGE_STANDARD = gnu99;
				GCC_DYNAMIC_NO_PIC = NO;
				GCC_NO_COMMON_BLOCKS = YES;
				GCC_OPTIMIZATION_LEVEL = 0;
				GCC_PREPROCESSOR_DEFINITIONS = (
					"DEBUG=1",
					"$(inherited)",
				);
				GCC_WARN_64_TO_32_BIT_CONVERSION = YES;
				GCC_WARN_ABOUT_RETURN_TYPE = YES_ERROR;
				GCC_WARN_UNDECLARED_SELECTOR = YES;
				GCC_WARN_UNINITIALIZED_AUTOS = YES_AGGRESSIVE;
				GCC_WARN_UNUSED_FUNCTION = YES;
				GCC_WARN_UNUSED_VARIABLE = YES;
				MACOSX_DEPLOYMENT_TARGET = 10.12;
				MTL_ENABLE_DEBUG_INFO = YES;
				ONLY_ACTIVE_ARCH = YES;
				SDKROOT = macosx;
			};
			name = Debug;
		};
		F6BEFC1A1F4AA5FD00CA7AB4 /* Release */ = {
			isa = XCBuildConfiguration;
			buildSettings = {
				ALWAYS_SEARCH_USER_PATHS = NO;
				CLANG_ANALYZER_NONNULL = YES;
				CLANG_ANALYZER_NUMBER_OBJECT_CONVERSION = YES_AGGRESSIVE;
				CLANG_CXX_LANGUAGE_STANDARD = "gnu++0x";
				CLANG_CXX_LIBRARY = "libc++";
				CLANG_ENABLE_MODULES = YES;
				CLANG_ENABLE_OBJC_ARC = YES;
				CLANG_WARN_BOOL_CONVERSION = YES;
				CLANG_WARN_CONSTANT_CONVERSION = YES;
				CLANG_WARN_DIRECT_OBJC_ISA_USAGE = YES_ERROR;
				CLANG_WARN_DOCUMENTATION_COMMENTS = YES;
				CLANG_WARN_EMPTY_BODY = YES;
				CLANG_WARN_ENUM_CONVERSION = YES;
				CLANG_WARN_INFINITE_RECURSION = YES;
				CLANG_WARN_INT_CONVERSION = YES;
				CLANG_WARN_OBJC_ROOT_CLASS = YES_ERROR;
				CLANG_WARN_SUSPICIOUS_MOVE = YES;
				CLANG_WARN_UNREACHABLE_CODE = YES;
				CLANG_WARN__DUPLICATE_METHOD_MATCH = YES;
				CODE_SIGN_IDENTITY = "-";
				COPY_PHASE_STRIP = NO;
				DEBUG_INFORMATION_FORMAT = "dwarf-with-dsym";
				ENABLE_NS_ASSERTIONS = NO;
				ENABLE_STRICT_OBJC_MSGSEND = YES;
				GCC_C_LANGUAGE_STANDARD = gnu99;
				GCC_NO_COMMON_BLOCKS = YES;
				GCC_WARN_64_TO_32_BIT_CONVERSION = YES;
				GCC_WARN_ABOUT_RETURN_TYPE = YES_ERROR;
				GCC_WARN_UNDECLARED_SELECTOR = YES;
				GCC_WARN_UNINITIALIZED_AUTOS = YES_AGGRESSIVE;
				GCC_WARN_UNUSED_FUNCTION = YES;
				GCC_WARN_UNUSED_VARIABLE = YES;
				MACOSX_DEPLOYMENT_TARGET = 10.12;
				MTL_ENABLE_DEBUG_INFO = NO;
				SDKROOT = macosx;
			};
			name = Release;
		};
		F6BEFC1C1F4AA5FD00CA7AB4 /* Debug */ = {
			isa = XCBuildConfiguration;
			buildSettings = {
				CLANG_ENABLE_MODULES = YES;
				COMBINE_HIDPI_IMAGES = YES;
				INFOPLIST_FILE = ATARCsvExporterPlugin/Info.plist;
				INSTALL_PATH = "$(LOCAL_LIBRARY_DIR)/Bundles";
				LD_RUNPATH_SEARCH_PATHS = "$(inherited) @executable_path/../Frameworks @loader_path/../Frameworks";
				PRODUCT_BUNDLE_IDENTIFIER = by.morphe.ATARCsvExporterPlugin;
				PRODUCT_NAME = "$(TARGET_NAME)";
				SKIP_INSTALL = YES;
				SWIFT_OBJC_BRIDGING_HEADER = "ATARCsvExporterPlugin/ATARCsvExporterPlugin-Bridging-Header.h";
				SWIFT_OPTIMIZATION_LEVEL = "-Onone";
				SWIFT_VERSION = 3.0;
				WRAPPER_EXTENSION = bundle;
			};
			name = Debug;
		};
		F6BEFC1D1F4AA5FD00CA7AB4 /* Release */ = {
			isa = XCBuildConfiguration;
			buildSettings = {
				CLANG_ENABLE_MODULES = YES;
				COMBINE_HIDPI_IMAGES = YES;
				INFOPLIST_FILE = ATARCsvExporterPlugin/Info.plist;
				INSTALL_PATH = "$(LOCAL_LIBRARY_DIR)/Bundles";
				LD_RUNPATH_SEARCH_PATHS = "$(inherited) @executable_path/../Frameworks @loader_path/../Frameworks";
				PRODUCT_BUNDLE_IDENTIFIER = by.morphe.ATARCsvExporterPlugin;
				PRODUCT_NAME = "$(TARGET_NAME)";
				SKIP_INSTALL = YES;
				SWIFT_OBJC_BRIDGING_HEADER = "ATARCsvExporterPlugin/ATARCsvExporterPlugin-Bridging-Header.h";
				SWIFT_VERSION = 3.0;
				WRAPPER_EXTENSION = bundle;
			};
			name = Release;
		};
/* End XCBuildConfiguration section */

/* Begin XCConfigurationList section */
		F6BEFC101F4AA5FD00CA7AB4 /* Build configuration list for PBXProject "ATARCsvExporterPlugin" */ = {
			isa = XCConfigurationList;
			buildConfigurations = (
				F6BEFC191F4AA5FD00CA7AB4 /* Debug */,
				F6BEFC1A1F4AA5FD00CA7AB4 /* Release */,
			);
			defaultConfigurationIsVisible = 0;
			defaultConfigurationName = Release;
		};
		F6BEFC1B1F4AA5FD00CA7AB4 /* Build configuration list for PBXNativeTarget "ATARCsvExporterPlugin" */ = {
			isa = XCConfigurationList;
			buildConfigurations = (
				F6BEFC1C1F4AA5FD00CA7AB4 /* Debug */,
				F6BEFC1D1F4AA5FD00CA7AB4 /* Release */,
			);
			defaultConfigurationIsVisible = 0;
		};
/* End XCConfigurationList section */

/* Begin XCVersionGroup section */
		F6BEFC311F4BEF6700CA7AB4 /* Model.xcdatamodeld */ = {
			isa = XCVersionGroup;
			children = (
				F6BEFC321F4BEF6700CA7AB4 /* Model.xcdatamodel */,
			);
			currentVersion = F6BEFC321F4BEF6700CA7AB4 /* Model.xcdatamodel */;
			path = Model.xcdatamodeld;
			sourceTree = "<group>";
			versionGroupType = wrapper.xcdatamodel;
		};
/* End XCVersionGroup section */
	};
	rootObject = F6BEFC0D1F4AA5FD00CA7AB4 /* Project object */;
}
