// !$*UTF8*$!
{
	archiveVersion = 1;
	classes = {
	};
	objectVersion = 48;
	objects = {

/* Begin PBXBuildFile section */
		F64083A71F65946000008FEB /* ATARCrawlExampleWebsiteCrawlerPlugin.swift in Sources */ = {isa = PBXBuildFile; fileRef = F64083A61F65946000008FEB /* ATARCrawlExampleWebsiteCrawlerPlugin.swift */; };
		F64083AA1F6596F300008FEB /* ATARCrawlExampleWebsiteCrawlerPlugin.xcdatamodeld in Sources */ = {isa = PBXBuildFile; fileRef = F64083A81F6596F300008FEB /* ATARCrawlExampleWebsiteCrawlerPlugin.xcdatamodeld */; };
		F64083B71F65985A00008FEB /* TarantulaPluginCore.framework in Frameworks */ = {isa = PBXBuildFile; fileRef = F64083B81F65985A00008FEB /* TarantulaPluginCore.framework */; };
		F64083C51F67253100008FEB /* Settings.storyboard in Resources */ = {isa = PBXBuildFile; fileRef = F64083C41F67253100008FEB /* Settings.storyboard */; };
		F64083C71F6729E800008FEB /* SettingsViewController.swift in Sources */ = {isa = PBXBuildFile; fileRef = F64083C61F6729E800008FEB /* SettingsViewController.swift */; };
		F64083C91F6730F700008FEB /* Resources.swift in Sources */ = {isa = PBXBuildFile; fileRef = F64083C81F6730F700008FEB /* Resources.swift */; };
		F64083CB1F67351F00008FEB /* InitialObjectViewController.swift in Sources */ = {isa = PBXBuildFile; fileRef = F64083CA1F67351F00008FEB /* InitialObjectViewController.swift */; };
		F64083D01F6737AB00008FEB /* Treatment+CoreDataClass.swift in Sources */ = {isa = PBXBuildFile; fileRef = F64083CC1F6737AB00008FEB /* Treatment+CoreDataClass.swift */; };
		F64083D21F6737AB00008FEB /* Crawlable+CoreDataClass.swift in Sources */ = {isa = PBXBuildFile; fileRef = F64083CE1F6737AB00008FEB /* Crawlable+CoreDataClass.swift */; };
		F64083D91F67441800008FEB /* crawlTreatment.swift in Sources */ = {isa = PBXBuildFile; fileRef = F64083D81F67441800008FEB /* crawlTreatment.swift */; };
		F64083DB1F6748E000008FEB /* crawl.swift in Sources */ = {isa = PBXBuildFile; fileRef = F64083DA1F6748E000008FEB /* crawl.swift */; };
/* End PBXBuildFile section */

/* Begin PBXFileReference section */
		F613BBBD1F65936D005BBE68 /* ATARCrawlExampleWebsite.bundle */ = {isa = PBXFileReference; explicitFileType = wrapper.cfbundle; includeInIndex = 0; path = ATARCrawlExampleWebsite.bundle; sourceTree = BUILT_PRODUCTS_DIR; };
		F613BBC01F65936D005BBE68 /* Info.plist */ = {isa = PBXFileReference; lastKnownFileType = text.plist.xml; path = Info.plist; sourceTree = "<group>"; };
		F64083A51F65945F00008FEB /* ATARCrawlExampleWebsite-Bridging-Header.h */ = {isa = PBXFileReference; lastKnownFileType = sourcecode.c.h; path = "ATARCrawlExampleWebsite-Bridging-Header.h"; sourceTree = "<group>"; };
		F64083A61F65946000008FEB /* ATARCrawlExampleWebsiteCrawlerPlugin.swift */ = {isa = PBXFileReference; lastKnownFileType = sourcecode.swift; path = ATARCrawlExampleWebsiteCrawlerPlugin.swift; sourceTree = "<group>"; };
		F64083A91F6596F300008FEB /* ATARCrawlExampleWebsiteCrawlerPlugin.xcdatamodel */ = {isa = PBXFileReference; lastKnownFileType = wrapper.xcdatamodel; path = ATARCrawlExampleWebsiteCrawlerPlugin.xcdatamodel; sourceTree = "<group>"; };
		F64083B81F65985A00008FEB /* TarantulaPluginCore.framework */ = {isa = PBXFileReference; explicitFileType = wrapper.framework; path = TarantulaPluginCore.framework; sourceTree = BUILT_PRODUCTS_DIR; };
		F64083C41F67253100008FEB /* Settings.storyboard */ = {isa = PBXFileReference; lastKnownFileType = file.storyboard; path = Settings.storyboard; sourceTree = "<group>"; };
		F64083C61F6729E800008FEB /* SettingsViewController.swift */ = {isa = PBXFileReference; lastKnownFileType = sourcecode.swift; path = SettingsViewController.swift; sourceTree = "<group>"; };
		F64083C81F6730F700008FEB /* Resources.swift */ = {isa = PBXFileReference; lastKnownFileType = sourcecode.swift; path = Resources.swift; sourceTree = "<group>"; };
		F64083CA1F67351F00008FEB /* InitialObjectViewController.swift */ = {isa = PBXFileReference; lastKnownFileType = sourcecode.swift; path = InitialObjectViewController.swift; sourceTree = "<group>"; };
		F64083CC1F6737AB00008FEB /* Treatment+CoreDataClass.swift */ = {isa = PBXFileReference; lastKnownFileType = sourcecode.swift; path = "Treatment+CoreDataClass.swift"; sourceTree = "<group>"; };
		F64083CE1F6737AB00008FEB /* Crawlable+CoreDataClass.swift */ = {isa = PBXFileReference; lastKnownFileType = sourcecode.swift; path = "Crawlable+CoreDataClass.swift"; sourceTree = "<group>"; };
		F64083D81F67441800008FEB /* crawlTreatment.swift */ = {isa = PBXFileReference; lastKnownFileType = sourcecode.swift; path = crawlTreatment.swift; sourceTree = "<group>"; };
		F64083DA1F6748E000008FEB /* crawl.swift */ = {isa = PBXFileReference; lastKnownFileType = sourcecode.swift; path = crawl.swift; sourceTree = "<group>"; };
/* End PBXFileReference section */

/* Begin PBXFrameworksBuildPhase section */
		F613BBBA1F65936D005BBE68 /* Frameworks */ = {
			isa = PBXFrameworksBuildPhase;
			buildActionMask = 2147483647;
			files = (
				F64083B71F65985A00008FEB /* TarantulaPluginCore.framework in Frameworks */,
			);
			runOnlyForDeploymentPostprocessing = 0;
		};
/* End PBXFrameworksBuildPhase section */

/* Begin PBXGroup section */
		F613BBB41F65936D005BBE68 = {
			isa = PBXGroup;
			children = (
				F613BBBF1F65936D005BBE68 /* ATARCrawlExampleWebsite */,
				F613BBBE1F65936D005BBE68 /* Products */,
				F64083B61F65985A00008FEB /* Frameworks */,
			);
			sourceTree = "<group>";
		};
		F613BBBE1F65936D005BBE68 /* Products */ = {
			isa = PBXGroup;
			children = (
				F613BBBD1F65936D005BBE68 /* ATARCrawlExampleWebsite.bundle */,
			);
			name = Products;
			sourceTree = "<group>";
		};
		F613BBBF1F65936D005BBE68 /* ATARCrawlExampleWebsite */ = {
			isa = PBXGroup;
			children = (
				F64083D71F6743FF00008FEB /* crawling */,
				F64083D61F6743E200008FEB /* main */,
				F64083D51F6743CC00008FEB /* support */,
				F64083D41F6743BB00008FEB /* core-data */,
			);
			path = ATARCrawlExampleWebsite;
			sourceTree = "<group>";
		};
		F64083B61F65985A00008FEB /* Frameworks */ = {
			isa = PBXGroup;
			children = (
				F64083B81F65985A00008FEB /* TarantulaPluginCore.framework */,
			);
			name = Frameworks;
			sourceTree = "<group>";
		};
		F64083D41F6743BB00008FEB /* core-data */ = {
			isa = PBXGroup;
			children = (
				F64083A81F6596F300008FEB /* ATARCrawlExampleWebsiteCrawlerPlugin.xcdatamodeld */,
				F64083CC1F6737AB00008FEB /* Treatment+CoreDataClass.swift */,
				F64083CE1F6737AB00008FEB /* Crawlable+CoreDataClass.swift */,
			);
			path = "core-data";
			sourceTree = "<group>";
		};
		F64083D51F6743CC00008FEB /* support */ = {
			isa = PBXGroup;
			children = (
				F64083A51F65945F00008FEB /* ATARCrawlExampleWebsite-Bridging-Header.h */,
				F613BBC01F65936D005BBE68 /* Info.plist */,
			);
			path = support;
			sourceTree = "<group>";
		};
		F64083D61F6743E200008FEB /* main */ = {
			isa = PBXGroup;
			children = (
				F64083A61F65946000008FEB /* ATARCrawlExampleWebsiteCrawlerPlugin.swift */,
				F64083C41F67253100008FEB /* Settings.storyboard */,
				F64083C61F6729E800008FEB /* SettingsViewController.swift */,
				F64083CA1F67351F00008FEB /* InitialObjectViewController.swift */,
				F64083C81F6730F700008FEB /* Resources.swift */,
			);
			path = main;
			sourceTree = "<group>";
		};
		F64083D71F6743FF00008FEB /* crawling */ = {
			isa = PBXGroup;
			children = (
				F64083D81F67441800008FEB /* crawlTreatment.swift */,
				F64083DA1F6748E000008FEB /* crawl.swift */,
			);
			path = crawling;
			sourceTree = "<group>";
		};
/* End PBXGroup section */

/* Begin PBXNativeTarget section */
		F613BBBC1F65936D005BBE68 /* ATARCrawlExampleWebsite */ = {
			isa = PBXNativeTarget;
			buildConfigurationList = F613BBC31F65936D005BBE68 /* Build configuration list for PBXNativeTarget "ATARCrawlExampleWebsite" */;
			buildPhases = (
				F613BBB91F65936D005BBE68 /* Sources */,
				F613BBBA1F65936D005BBE68 /* Frameworks */,
				F613BBBB1F65936D005BBE68 /* Resources */,
			);
			buildRules = (
			);
			dependencies = (
			);
			name = ATARCrawlExampleWebsite;
			productName = ATARCrawlExampleWebsite;
			productReference = F613BBBD1F65936D005BBE68 /* ATARCrawlExampleWebsite.bundle */;
			productType = "com.apple.product-type.bundle";
		};
/* End PBXNativeTarget section */

/* Begin PBXProject section */
		F613BBB51F65936D005BBE68 /* Project object */ = {
			isa = PBXProject;
			attributes = {
				LastUpgradeCheck = 0900;
				ORGANIZATIONNAME = morpheby;
				TargetAttributes = {
					F613BBBC1F65936D005BBE68 = {
						CreatedOnToolsVersion = 9.0;
						LastSwiftMigration = 0900;
						ProvisioningStyle = Automatic;
					};
				};
			};
			buildConfigurationList = F613BBB81F65936D005BBE68 /* Build configuration list for PBXProject "ATARCrawlExampleWebsite" */;
			compatibilityVersion = "Xcode 8.0";
			developmentRegion = en;
			hasScannedForEncodings = 0;
			knownRegions = (
				en,
			);
			mainGroup = F613BBB41F65936D005BBE68;
			productRefGroup = F613BBBE1F65936D005BBE68 /* Products */;
			projectDirPath = "";
			projectRoot = "";
			targets = (
				F613BBBC1F65936D005BBE68 /* ATARCrawlExampleWebsite */,
			);
		};
/* End PBXProject section */

/* Begin PBXResourcesBuildPhase section */
		F613BBBB1F65936D005BBE68 /* Resources */ = {
			isa = PBXResourcesBuildPhase;
			buildActionMask = 2147483647;
			files = (
				F64083C51F67253100008FEB /* Settings.storyboard in Resources */,
			);
			runOnlyForDeploymentPostprocessing = 0;
		};
/* End PBXResourcesBuildPhase section */

/* Begin PBXSourcesBuildPhase section */
		F613BBB91F65936D005BBE68 /* Sources */ = {
			isa = PBXSourcesBuildPhase;
			buildActionMask = 2147483647;
			files = (
				F64083D91F67441800008FEB /* crawlTreatment.swift in Sources */,
				F64083DB1F6748E000008FEB /* crawl.swift in Sources */,
				F64083CB1F67351F00008FEB /* InitialObjectViewController.swift in Sources */,
				F64083D21F6737AB00008FEB /* Crawlable+CoreDataClass.swift in Sources */,
				F64083AA1F6596F300008FEB /* ATARCrawlExampleWebsiteCrawlerPlugin.xcdatamodeld in Sources */,
				F64083C91F6730F700008FEB /* Resources.swift in Sources */,
				F64083A71F65946000008FEB /* ATARCrawlExampleWebsiteCrawlerPlugin.swift in Sources */,
				F64083D01F6737AB00008FEB /* Treatment+CoreDataClass.swift in Sources */,
				F64083C71F6729E800008FEB /* SettingsViewController.swift in Sources */,
			);
			runOnlyForDeploymentPostprocessing = 0;
		};
/* End PBXSourcesBuildPhase section */

/* Begin XCBuildConfiguration section */
		F613BBC11F65936D005BBE68 /* Debug */ = {
			isa = XCBuildConfiguration;
			buildSettings = {
				ALWAYS_SEARCH_USER_PATHS = NO;
				CLANG_ANALYZER_NONNULL = YES;
				CLANG_ANALYZER_NUMBER_OBJECT_CONVERSION = YES_AGGRESSIVE;
				CLANG_CXX_LANGUAGE_STANDARD = "gnu++14";
				CLANG_CXX_LIBRARY = "libc++";
				CLANG_ENABLE_MODULES = YES;
				CLANG_ENABLE_OBJC_ARC = YES;
				CLANG_WARN_BLOCK_CAPTURE_AUTORELEASING = YES;
				CLANG_WARN_BOOL_CONVERSION = YES;
				CLANG_WARN_COMMA = YES;
				CLANG_WARN_CONSTANT_CONVERSION = YES;
				CLANG_WARN_DIRECT_OBJC_ISA_USAGE = YES_ERROR;
				CLANG_WARN_DOCUMENTATION_COMMENTS = YES;
				CLANG_WARN_EMPTY_BODY = YES;
				CLANG_WARN_ENUM_CONVERSION = YES;
				CLANG_WARN_INFINITE_RECURSION = YES;
				CLANG_WARN_INT_CONVERSION = YES;
				CLANG_WARN_NON_LITERAL_NULL_CONVERSION = YES;
				CLANG_WARN_OBJC_LITERAL_CONVERSION = YES;
				CLANG_WARN_OBJC_ROOT_CLASS = YES_ERROR;
				CLANG_WARN_RANGE_LOOP_ANALYSIS = YES;
				CLANG_WARN_STRICT_PROTOTYPES = YES;
				CLANG_WARN_SUSPICIOUS_MOVE = YES;
				CLANG_WARN_UNGUARDED_AVAILABILITY = YES_AGGRESSIVE;
				CLANG_WARN_UNREACHABLE_CODE = YES;
				CLANG_WARN__DUPLICATE_METHOD_MATCH = YES;
				CODE_SIGN_IDENTITY = "-";
				COPY_PHASE_STRIP = NO;
				DEBUG_INFORMATION_FORMAT = dwarf;
				ENABLE_STRICT_OBJC_MSGSEND = YES;
				ENABLE_TESTABILITY = YES;
				GCC_C_LANGUAGE_STANDARD = gnu11;
				GCC_DYNAMIC_NO_PIC = NO;
				GCC_NO_COMMON_BLOCKS = YES;
				GCC_OPTIMIZATION_LEVEL = 0;
				GCC_PREPROCESSOR_DEFINITIONS = (
					"DEBUG=1",
					"$(inherited)",
				);
				GCC_WARN_64_TO_32_BIT_CONVERSION = YES;
				GCC_WARN_ABOUT_RETURN_TYPE = YES_ERROR;
				GCC_WARN_UNDECLARED_SELECTOR = YES;
				GCC_WARN_UNINITIALIZED_AUTOS = YES_AGGRESSIVE;
				GCC_WARN_UNUSED_FUNCTION = YES;
				GCC_WARN_UNUSED_VARIABLE = YES;
				MACOSX_DEPLOYMENT_TARGET = 10.12;
				MTL_ENABLE_DEBUG_INFO = YES;
				ONLY_ACTIVE_ARCH = YES;
				SDKROOT = macosx;
				SWIFT_VERSION = "";
			};
			name = Debug;
		};
		F613BBC21F65936D005BBE68 /* Release */ = {
			isa = XCBuildConfiguration;
			buildSettings = {
				ALWAYS_SEARCH_USER_PATHS = NO;
				CLANG_ANALYZER_NONNULL = YES;
				CLANG_ANALYZER_NUMBER_OBJECT_CONVERSION = YES_AGGRESSIVE;
				CLANG_CXX_LANGUAGE_STANDARD = "gnu++14";
				CLANG_CXX_LIBRARY = "libc++";
				CLANG_ENABLE_MODULES = YES;
				CLANG_ENABLE_OBJC_ARC = YES;
				CLANG_WARN_BLOCK_CAPTURE_AUTORELEASING = YES;
				CLANG_WARN_BOOL_CONVERSION = YES;
				CLANG_WARN_COMMA = YES;
				CLANG_WARN_CONSTANT_CONVERSION = YES;
				CLANG_WARN_DIRECT_OBJC_ISA_USAGE = YES_ERROR;
				CLANG_WARN_DOCUMENTATION_COMMENTS = YES;
				CLANG_WARN_EMPTY_BODY = YES;
				CLANG_WARN_ENUM_CONVERSION = YES;
				CLANG_WARN_INFINITE_RECURSION = YES;
				CLANG_WARN_INT_CONVERSION = YES;
				CLANG_WARN_NON_LITERAL_NULL_CONVERSION = YES;
				CLANG_WARN_OBJC_LITERAL_CONVERSION = YES;
				CLANG_WARN_OBJC_ROOT_CLASS = YES_ERROR;
				CLANG_WARN_RANGE_LOOP_ANALYSIS = YES;
				CLANG_WARN_STRICT_PROTOTYPES = YES;
				CLANG_WARN_SUSPICIOUS_MOVE = YES;
				CLANG_WARN_UNGUARDED_AVAILABILITY = YES_AGGRESSIVE;
				CLANG_WARN_UNREACHABLE_CODE = YES;
				CLANG_WARN__DUPLICATE_METHOD_MATCH = YES;
				CODE_SIGN_IDENTITY = "-";
				COPY_PHASE_STRIP = NO;
				DEBUG_INFORMATION_FORMAT = "dwarf-with-dsym";
				ENABLE_NS_ASSERTIONS = NO;
				ENABLE_STRICT_OBJC_MSGSEND = YES;
				GCC_C_LANGUAGE_STANDARD = gnu11;
				GCC_NO_COMMON_BLOCKS = YES;
				GCC_WARN_64_TO_32_BIT_CONVERSION = YES;
				GCC_WARN_ABOUT_RETURN_TYPE = YES_ERROR;
				GCC_WARN_UNDECLARED_SELECTOR = YES;
				GCC_WARN_UNINITIALIZED_AUTOS = YES_AGGRESSIVE;
				GCC_WARN_UNUSED_FUNCTION = YES;
				GCC_WARN_UNUSED_VARIABLE = YES;
				MACOSX_DEPLOYMENT_TARGET = 10.12;
				MTL_ENABLE_DEBUG_INFO = NO;
				SDKROOT = macosx;
				SWIFT_VERSION = "";
			};
			name = Release;
		};
		F613BBC41F65936D005BBE68 /* Debug */ = {
			isa = XCBuildConfiguration;
			buildSettings = {
				CLANG_ENABLE_MODULES = YES;
				CODE_SIGN_STYLE = Automatic;
				COMBINE_HIDPI_IMAGES = YES;
				HEADER_SEARCH_PATHS = "$(SDKROOT)/usr/include/libxml2";
				INFOPLIST_FILE = ATARCrawlExampleWebsite/support/Info.plist;
				INSTALL_PATH = "$(LOCAL_LIBRARY_DIR)/Bundles";
				LD_RUNPATH_SEARCH_PATHS = "$(inherited) @executable_path/../Frameworks @loader_path/../Frameworks";
				PRODUCT_BUNDLE_IDENTIFIER = by.morphe.ATARCrawlExampleWebsite;
				PRODUCT_NAME = "$(TARGET_NAME)";
				SKIP_INSTALL = YES;
				SWIFT_OBJC_BRIDGING_HEADER = "ATARCrawlExampleWebsite/support/ATARCrawlExampleWebsite-Bridging-Header.h";
				SWIFT_OPTIMIZATION_LEVEL = "-Onone";
				SWIFT_VERSION = 4.0;
				WRAPPER_EXTENSION = bundle;
			};
			name = Debug;
		};
		F613BBC51F65936D005BBE68 /* Release */ = {
			isa = XCBuildConfiguration;
			buildSettings = {
				CLANG_ENABLE_MODULES = YES;
				CODE_SIGN_STYLE = Automatic;
				COMBINE_HIDPI_IMAGES = YES;
				HEADER_SEARCH_PATHS = "$(SDKROOT)/usr/include/libxml2";
				INFOPLIST_FILE = ATARCrawlExampleWebsite/support/Info.plist;
				INSTALL_PATH = "$(LOCAL_LIBRARY_DIR)/Bundles";
				LD_RUNPATH_SEARCH_PATHS = "$(inherited) @executable_path/../Frameworks @loader_path/../Frameworks";
				PRODUCT_BUNDLE_IDENTIFIER = by.morphe.ATARCrawlExampleWebsite;
				PRODUCT_NAME = "$(TARGET_NAME)";
				SKIP_INSTALL = YES;
				SWIFT_OBJC_BRIDGING_HEADER = "ATARCrawlExampleWebsite/support/ATARCrawlExampleWebsite-Bridging-Header.h";
				SWIFT_VERSION = 4.0;
				WRAPPER_EXTENSION = bundle;
			};
			name = Release;
		};
/* End XCBuildConfiguration section */

/* Begin XCConfigurationList section */
		F613BBB81F65936D005BBE68 /* Build configuration list for PBXProject "ATARCrawlExampleWebsite" */ = {
			isa = XCConfigurationList;
			buildConfigurations = (
				F613BBC11F65936D005BBE68 /* Debug */,
				F613BBC21F65936D005BBE68 /* Release */,
			);
			defaultConfigurationIsVisible = 0;
			defaultConfigurationName = Release;
		};
		F613BBC31F65936D005BBE68 /* Build configuration list for PBXNativeTarget "ATARCrawlExampleWebsite" */ = {
			isa = XCConfigurationList;
			buildConfigurations = (
				F613BBC41F65936D005BBE68 /* Debug */,
				F613BBC51F65936D005BBE68 /* Release */,
			);
			defaultConfigurationIsVisible = 0;
			defaultConfigurationName = Release;
		};
/* End XCConfigurationList section */

/* Begin XCVersionGroup section */
		F64083A81F6596F300008FEB /* ATARCrawlExampleWebsiteCrawlerPlugin.xcdatamodeld */ = {
			isa = XCVersionGroup;
			children = (
				F64083A91F6596F300008FEB /* ATARCrawlExampleWebsiteCrawlerPlugin.xcdatamodel */,
			);
			currentVersion = F64083A91F6596F300008FEB /* ATARCrawlExampleWebsiteCrawlerPlugin.xcdatamodel */;
			path = ATARCrawlExampleWebsiteCrawlerPlugin.xcdatamodeld;
			sourceTree = "<group>";
			versionGroupType = wrapper.xcdatamodel;
		};
/* End XCVersionGroup section */
	};
	rootObject = F613BBB51F65936D005BBE68 /* Project object */;
}
